// !$*UTF8*$!
{
	archiveVersion = 1;
	classes = {
	};
	objectVersion = 56;
	objects = {

/* Begin PBXBuildFile section */
		CC7D85122C416F2C008C6EBE /* Shake.swift in Sources */ = {isa = PBXBuildFile; fileRef = CC7D85112C416F2C008C6EBE /* Shake.swift */; };
		CC7D85142C4190CC008C6EBE /* StartButtonView.swift in Sources */ = {isa = PBXBuildFile; fileRef = CC7D85132C4190CC008C6EBE /* StartButtonView.swift */; };
		CC7D85162C419592008C6EBE /* EndView.swift in Sources */ = {isa = PBXBuildFile; fileRef = CC7D85152C419592008C6EBE /* EndView.swift */; };
		CC8B169B2C3C52F30062D64F /* Answer.swift in Sources */ = {isa = PBXBuildFile; fileRef = CC8B169A2C3C52F30062D64F /* Answer.swift */; };
		CC8B169E2C3D9B450062D64F /* ProgressBarView.swift in Sources */ = {isa = PBXBuildFile; fileRef = CC8B169D2C3D9B450062D64F /* ProgressBarView.swift */; };
		CC8FD2EE2C4108F000A04924 /* WelcomeView.swift in Sources */ = {isa = PBXBuildFile; fileRef = CC8FD2ED2C4108F000A04924 /* WelcomeView.swift */; };
		CC8FD2F02C411D1F00A04924 /* Launch Screen.storyboard in Resources */ = {isa = PBXBuildFile; fileRef = CC8FD2EF2C411D1F00A04924 /* Launch Screen.storyboard */; };
		CCA5F87B2C3BF6CA0030A680 /* TriviaApp.swift in Sources */ = {isa = PBXBuildFile; fileRef = CCA5F87A2C3BF6CA0030A680 /* TriviaApp.swift */; };
		CCA5F87D2C3BF6CA0030A680 /* ContentView.swift in Sources */ = {isa = PBXBuildFile; fileRef = CCA5F87C2C3BF6CA0030A680 /* ContentView.swift */; };
		CCA5F87F2C3BF6CC0030A680 /* Assets.xcassets in Resources */ = {isa = PBXBuildFile; fileRef = CCA5F87E2C3BF6CC0030A680 /* Assets.xcassets */; };
		CCA5F8822C3BF6CC0030A680 /* Preview Assets.xcassets in Resources */ = {isa = PBXBuildFile; fileRef = CCA5F8812C3BF6CC0030A680 /* Preview Assets.xcassets */; };
		CCA5F88B2C3BF7AB0030A680 /* Trivia.swift in Sources */ = {isa = PBXBuildFile; fileRef = CCA5F88A2C3BF7AB0030A680 /* Trivia.swift */; };
		CCA5F88D2C3BFC5C0030A680 /* TriviaViewModel.swift in Sources */ = {isa = PBXBuildFile; fileRef = CCA5F88C2C3BFC5C0030A680 /* TriviaViewModel.swift */; };
		CCA5F88F2C3C08990030A680 /* TopView.swift in Sources */ = {isa = PBXBuildFile; fileRef = CCA5F88E2C3C08990030A680 /* TopView.swift */; };
		CCA5F8912C3C39550030A680 /* AnswerView.swift in Sources */ = {isa = PBXBuildFile; fileRef = CCA5F8902C3C39550030A680 /* AnswerView.swift */; };
		CCA5F8932C3C3A0C0030A680 /* ButtonView.swift in Sources */ = {isa = PBXBuildFile; fileRef = CCA5F8922C3C3A0C0030A680 /* ButtonView.swift */; };
/* End PBXBuildFile section */

/* Begin PBXFileReference section */
		CC7D85112C416F2C008C6EBE /* Shake.swift */ = {isa = PBXFileReference; lastKnownFileType = sourcecode.swift; path = Shake.swift; sourceTree = "<group>"; };
		CC7D85132C4190CC008C6EBE /* StartButtonView.swift */ = {isa = PBXFileReference; lastKnownFileType = sourcecode.swift; path = StartButtonView.swift; sourceTree = "<group>"; };
		CC7D85152C419592008C6EBE /* EndView.swift */ = {isa = PBXFileReference; lastKnownFileType = sourcecode.swift; path = EndView.swift; sourceTree = "<group>"; };
		CC8B169A2C3C52F30062D64F /* Answer.swift */ = {isa = PBXFileReference; lastKnownFileType = sourcecode.swift; path = Answer.swift; sourceTree = "<group>"; };
		CC8B169D2C3D9B450062D64F /* ProgressBarView.swift */ = {isa = PBXFileReference; lastKnownFileType = sourcecode.swift; path = ProgressBarView.swift; sourceTree = "<group>"; };
		CC8FD2ED2C4108F000A04924 /* WelcomeView.swift */ = {isa = PBXFileReference; lastKnownFileType = sourcecode.swift; path = WelcomeView.swift; sourceTree = "<group>"; };
		CC8FD2EF2C411D1F00A04924 /* Launch Screen.storyboard */ = {isa = PBXFileReference; lastKnownFileType = file.storyboard; path = "Launch Screen.storyboard"; sourceTree = "<group>"; };
		CCA5F8772C3BF6CA0030A680 /* Trivia.app */ = {isa = PBXFileReference; explicitFileType = wrapper.application; includeInIndex = 0; path = Trivia.app; sourceTree = BUILT_PRODUCTS_DIR; };
		CCA5F87A2C3BF6CA0030A680 /* TriviaApp.swift */ = {isa = PBXFileReference; lastKnownFileType = sourcecode.swift; path = TriviaApp.swift; sourceTree = "<group>"; };
		CCA5F87C2C3BF6CA0030A680 /* ContentView.swift */ = {isa = PBXFileReference; lastKnownFileType = sourcecode.swift; path = ContentView.swift; sourceTree = "<group>"; };
		CCA5F87E2C3BF6CC0030A680 /* Assets.xcassets */ = {isa = PBXFileReference; lastKnownFileType = folder.assetcatalog; path = Assets.xcassets; sourceTree = "<group>"; };
		CCA5F8812C3BF6CC0030A680 /* Preview Assets.xcassets */ = {isa = PBXFileReference; lastKnownFileType = folder.assetcatalog; path = "Preview Assets.xcassets"; sourceTree = "<group>"; };
		CCA5F88A2C3BF7AB0030A680 /* Trivia.swift */ = {isa = PBXFileReference; lastKnownFileType = sourcecode.swift; path = Trivia.swift; sourceTree = "<group>"; };
		CCA5F88C2C3BFC5C0030A680 /* TriviaViewModel.swift */ = {isa = PBXFileReference; lastKnownFileType = sourcecode.swift; path = TriviaViewModel.swift; sourceTree = "<group>"; };
		CCA5F88E2C3C08990030A680 /* TopView.swift */ = {isa = PBXFileReference; lastKnownFileType = sourcecode.swift; path = TopView.swift; sourceTree = "<group>"; };
		CCA5F8902C3C39550030A680 /* AnswerView.swift */ = {isa = PBXFileReference; lastKnownFileType = sourcecode.swift; path = AnswerView.swift; sourceTree = "<group>"; };
		CCA5F8922C3C3A0C0030A680 /* ButtonView.swift */ = {isa = PBXFileReference; lastKnownFileType = sourcecode.swift; path = ButtonView.swift; sourceTree = "<group>"; };
/* End PBXFileReference section */

/* Begin PBXFrameworksBuildPhase section */
		CCA5F8742C3BF6CA0030A680 /* Frameworks */ = {
			isa = PBXFrameworksBuildPhase;
			buildActionMask = 2147483647;
			files = (
			);
			runOnlyForDeploymentPostprocessing = 0;
		};
/* End PBXFrameworksBuildPhase section */

/* Begin PBXGroup section */
		CC8B169C2C3C59E50062D64F /* ViewModels */ = {
			isa = PBXGroup;
			children = (
				CCA5F88C2C3BFC5C0030A680 /* TriviaViewModel.swift */,
			);
			path = ViewModels;
			sourceTree = "<group>";
		};
		CCA5F86E2C3BF6CA0030A680 = {
			isa = PBXGroup;
			children = (
				CCA5F8792C3BF6CA0030A680 /* Trivia */,
				CCA5F8782C3BF6CA0030A680 /* Products */,
			);
			sourceTree = "<group>";
		};
		CCA5F8782C3BF6CA0030A680 /* Products */ = {
			isa = PBXGroup;
			children = (
				CCA5F8772C3BF6CA0030A680 /* Trivia.app */,
			);
			name = Products;
			sourceTree = "<group>";
		};
		CCA5F8792C3BF6CA0030A680 /* Trivia */ = {
			isa = PBXGroup;
			children = (
				CCA5F8892C3BF7990030A680 /* Models */,
				CCA5F8882C3BF7700030A680 /* Views */,
				CC8B169C2C3C59E50062D64F /* ViewModels */,
				CCA5F87A2C3BF6CA0030A680 /* TriviaApp.swift */,
				CCA5F87E2C3BF6CC0030A680 /* Assets.xcassets */,
				CCA5F8802C3BF6CC0030A680 /* Preview Content */,
			);
			path = Trivia;
			sourceTree = "<group>";
		};
		CCA5F8802C3BF6CC0030A680 /* Preview Content */ = {
			isa = PBXGroup;
			children = (
				CCA5F8812C3BF6CC0030A680 /* Preview Assets.xcassets */,
			);
			path = "Preview Content";
			sourceTree = "<group>";
		};
		CCA5F8882C3BF7700030A680 /* Views */ = {
			isa = PBXGroup;
			children = (
				CCA5F87C2C3BF6CA0030A680 /* ContentView.swift */,
				CCA5F88E2C3C08990030A680 /* TopView.swift */,
				CCA5F8902C3C39550030A680 /* AnswerView.swift */,
				CCA5F8922C3C3A0C0030A680 /* ButtonView.swift */,
				CC8B169D2C3D9B450062D64F /* ProgressBarView.swift */,
				CC8FD2ED2C4108F000A04924 /* WelcomeView.swift */,
				CC8FD2EF2C411D1F00A04924 /* Launch Screen.storyboard */,
				CC7D85132C4190CC008C6EBE /* StartButtonView.swift */,
				CC7D85152C419592008C6EBE /* EndView.swift */,
			);
			path = Views;
			sourceTree = "<group>";
		};
		CCA5F8892C3BF7990030A680 /* Models */ = {
			isa = PBXGroup;
			children = (
				CCA5F88A2C3BF7AB0030A680 /* Trivia.swift */,
				CC8B169A2C3C52F30062D64F /* Answer.swift */,
				CC7D85112C416F2C008C6EBE /* Shake.swift */,
			);
			path = Models;
			sourceTree = "<group>";
		};
/* End PBXGroup section */

/* Begin PBXNativeTarget section */
		CCA5F8762C3BF6CA0030A680 /* Trivia */ = {
			isa = PBXNativeTarget;
			buildConfigurationList = CCA5F8852C3BF6CC0030A680 /* Build configuration list for PBXNativeTarget "Trivia" */;
			buildPhases = (
				CCA5F8732C3BF6CA0030A680 /* Sources */,
				CCA5F8742C3BF6CA0030A680 /* Frameworks */,
				CCA5F8752C3BF6CA0030A680 /* Resources */,
			);
			buildRules = (
			);
			dependencies = (
			);
			name = Trivia;
			productName = Trivia;
			productReference = CCA5F8772C3BF6CA0030A680 /* Trivia.app */;
			productType = "com.apple.product-type.application";
		};
/* End PBXNativeTarget section */

/* Begin PBXProject section */
		CCA5F86F2C3BF6CA0030A680 /* Project object */ = {
			isa = PBXProject;
			attributes = {
				BuildIndependentTargetsInParallel = 1;
				LastSwiftUpdateCheck = 1540;
				LastUpgradeCheck = 1540;
				TargetAttributes = {
					CCA5F8762C3BF6CA0030A680 = {
						CreatedOnToolsVersion = 15.4;
					};
				};
			};
			buildConfigurationList = CCA5F8722C3BF6CA0030A680 /* Build configuration list for PBXProject "Trivia" */;
			compatibilityVersion = "Xcode 14.0";
			developmentRegion = en;
			hasScannedForEncodings = 0;
			knownRegions = (
				en,
				Base,
			);
			mainGroup = CCA5F86E2C3BF6CA0030A680;
			productRefGroup = CCA5F8782C3BF6CA0030A680 /* Products */;
			projectDirPath = "";
			projectRoot = "";
			targets = (
				CCA5F8762C3BF6CA0030A680 /* Trivia */,
			);
		};
/* End PBXProject section */

/* Begin PBXResourcesBuildPhase section */
		CCA5F8752C3BF6CA0030A680 /* Resources */ = {
			isa = PBXResourcesBuildPhase;
			buildActionMask = 2147483647;
			files = (
				CC8FD2F02C411D1F00A04924 /* Launch Screen.storyboard in Resources */,
				CCA5F8822C3BF6CC0030A680 /* Preview Assets.xcassets in Resources */,
				CCA5F87F2C3BF6CC0030A680 /* Assets.xcassets in Resources */,
			);
			runOnlyForDeploymentPostprocessing = 0;
		};
/* End PBXResourcesBuildPhase section */

/* Begin PBXSourcesBuildPhase section */
		CCA5F8732C3BF6CA0030A680 /* Sources */ = {
			isa = PBXSourcesBuildPhase;
			buildActionMask = 2147483647;
			files = (
				CC7D85142C4190CC008C6EBE /* StartButtonView.swift in Sources */,
				CCA5F87D2C3BF6CA0030A680 /* ContentView.swift in Sources */,
				CCA5F88F2C3C08990030A680 /* TopView.swift in Sources */,
				CCA5F8912C3C39550030A680 /* AnswerView.swift in Sources */,
				CC7D85122C416F2C008C6EBE /* Shake.swift in Sources */,
				CCA5F88B2C3BF7AB0030A680 /* Trivia.swift in Sources */,
				CC8B169E2C3D9B450062D64F /* ProgressBarView.swift in Sources */,
				CC8FD2EE2C4108F000A04924 /* WelcomeView.swift in Sources */,
				CCA5F87B2C3BF6CA0030A680 /* TriviaApp.swift in Sources */,
				CC7D85162C419592008C6EBE /* EndView.swift in Sources */,
				CCA5F88D2C3BFC5C0030A680 /* TriviaViewModel.swift in Sources */,
				CCA5F8932C3C3A0C0030A680 /* ButtonView.swift in Sources */,
				CC8B169B2C3C52F30062D64F /* Answer.swift in Sources */,
			);
			runOnlyForDeploymentPostprocessing = 0;
		};
/* End PBXSourcesBuildPhase section */

/* Begin XCBuildConfiguration section */
		CCA5F8832C3BF6CC0030A680 /* Debug */ = {
			isa = XCBuildConfiguration;
			buildSettings = {
				ALWAYS_SEARCH_USER_PATHS = NO;
				ASSETCATALOG_COMPILER_GENERATE_SWIFT_ASSET_SYMBOL_EXTENSIONS = YES;
				CLANG_ANALYZER_NONNULL = YES;
				CLANG_ANALYZER_NUMBER_OBJECT_CONVERSION = YES_AGGRESSIVE;
				CLANG_CXX_LANGUAGE_STANDARD = "gnu++20";
				CLANG_ENABLE_MODULES = YES;
				CLANG_ENABLE_OBJC_ARC = YES;
				CLANG_ENABLE_OBJC_WEAK = YES;
				CLANG_WARN_BLOCK_CAPTURE_AUTORELEASING = YES;
				CLANG_WARN_BOOL_CONVERSION = YES;
				CLANG_WARN_COMMA = YES;
				CLANG_WARN_CONSTANT_CONVERSION = YES;
				CLANG_WARN_DEPRECATED_OBJC_IMPLEMENTATIONS = YES;
				CLANG_WARN_DIRECT_OBJC_ISA_USAGE = YES_ERROR;
				CLANG_WARN_DOCUMENTATION_COMMENTS = YES;
				CLANG_WARN_EMPTY_BODY = YES;
				CLANG_WARN_ENUM_CONVERSION = YES;
				CLANG_WARN_INFINITE_RECURSION = YES;
				CLANG_WARN_INT_CONVERSION = YES;
				CLANG_WARN_NON_LITERAL_NULL_CONVERSION = YES;
				CLANG_WARN_OBJC_IMPLICIT_RETAIN_SELF = YES;
				CLANG_WARN_OBJC_LITERAL_CONVERSION = YES;
				CLANG_WARN_OBJC_ROOT_CLASS = YES_ERROR;
				CLANG_WARN_QUOTED_INCLUDE_IN_FRAMEWORK_HEADER = YES;
				CLANG_WARN_RANGE_LOOP_ANALYSIS = YES;
				CLANG_WARN_STRICT_PROTOTYPES = YES;
				CLANG_WARN_SUSPICIOUS_MOVE = YES;
				CLANG_WARN_UNGUARDED_AVAILABILITY = YES_AGGRESSIVE;
				CLANG_WARN_UNREACHABLE_CODE = YES;
				CLANG_WARN__DUPLICATE_METHOD_MATCH = YES;
				COPY_PHASE_STRIP = NO;
				DEBUG_INFORMATION_FORMAT = dwarf;
				ENABLE_STRICT_OBJC_MSGSEND = YES;
				ENABLE_TESTABILITY = YES;
				ENABLE_USER_SCRIPT_SANDBOXING = YES;
				GCC_C_LANGUAGE_STANDARD = gnu17;
				GCC_DYNAMIC_NO_PIC = NO;
				GCC_NO_COMMON_BLOCKS = YES;
				GCC_OPTIMIZATION_LEVEL = 0;
				GCC_PREPROCESSOR_DEFINITIONS = (
					"DEBUG=1",
					"$(inherited)",
				);
				GCC_WARN_64_TO_32_BIT_CONVERSION = YES;
				GCC_WARN_ABOUT_RETURN_TYPE = YES_ERROR;
				GCC_WARN_UNDECLARED_SELECTOR = YES;
				GCC_WARN_UNINITIALIZED_AUTOS = YES_AGGRESSIVE;
				GCC_WARN_UNUSED_FUNCTION = YES;
				GCC_WARN_UNUSED_VARIABLE = YES;
				IPHONEOS_DEPLOYMENT_TARGET = 17.5;
				LOCALIZATION_PREFERS_STRING_CATALOGS = YES;
				MTL_ENABLE_DEBUG_INFO = INCLUDE_SOURCE;
				MTL_FAST_MATH = YES;
				ONLY_ACTIVE_ARCH = YES;
				SDKROOT = iphoneos;
				SWIFT_ACTIVE_COMPILATION_CONDITIONS = "DEBUG $(inherited)";
				SWIFT_OPTIMIZATION_LEVEL = "-Onone";
			};
			name = Debug;
		};
		CCA5F8842C3BF6CC0030A680 /* Release */ = {
			isa = XCBuildConfiguration;
			buildSettings = {
				ALWAYS_SEARCH_USER_PATHS = NO;
				ASSETCATALOG_COMPILER_GENERATE_SWIFT_ASSET_SYMBOL_EXTENSIONS = YES;
				CLANG_ANALYZER_NONNULL = YES;
				CLANG_ANALYZER_NUMBER_OBJECT_CONVERSION = YES_AGGRESSIVE;
				CLANG_CXX_LANGUAGE_STANDARD = "gnu++20";
				CLANG_ENABLE_MODULES = YES;
				CLANG_ENABLE_OBJC_ARC = YES;
				CLANG_ENABLE_OBJC_WEAK = YES;
				CLANG_WARN_BLOCK_CAPTURE_AUTORELEASING = YES;
				CLANG_WARN_BOOL_CONVERSION = YES;
				CLANG_WARN_COMMA = YES;
				CLANG_WARN_CONSTANT_CONVERSION = YES;
				CLANG_WARN_DEPRECATED_OBJC_IMPLEMENTATIONS = YES;
				CLANG_WARN_DIRECT_OBJC_ISA_USAGE = YES_ERROR;
				CLANG_WARN_DOCUMENTATION_COMMENTS = YES;
				CLANG_WARN_EMPTY_BODY = YES;
				CLANG_WARN_ENUM_CONVERSION = YES;
				CLANG_WARN_INFINITE_RECURSION = YES;
				CLANG_WARN_INT_CONVERSION = YES;
				CLANG_WARN_NON_LITERAL_NULL_CONVERSION = YES;
				CLANG_WARN_OBJC_IMPLICIT_RETAIN_SELF = YES;
				CLANG_WARN_OBJC_LITERAL_CONVERSION = YES;
				CLANG_WARN_OBJC_ROOT_CLASS = YES_ERROR;
				CLANG_WARN_QUOTED_INCLUDE_IN_FRAMEWORK_HEADER = YES;
				CLANG_WARN_RANGE_LOOP_ANALYSIS = YES;
				CLANG_WARN_STRICT_PROTOTYPES = YES;
				CLANG_WARN_SUSPICIOUS_MOVE = YES;
				CLANG_WARN_UNGUARDED_AVAILABILITY = YES_AGGRESSIVE;
				CLANG_WARN_UNREACHABLE_CODE = YES;
				CLANG_WARN__DUPLICATE_METHOD_MATCH = YES;
				COPY_PHASE_STRIP = NO;
				DEBUG_INFORMATION_FORMAT = "dwarf-with-dsym";
				ENABLE_NS_ASSERTIONS = NO;
				ENABLE_STRICT_OBJC_MSGSEND = YES;
				ENABLE_USER_SCRIPT_SANDBOXING = YES;
				GCC_C_LANGUAGE_STANDARD = gnu17;
				GCC_NO_COMMON_BLOCKS = YES;
				GCC_WARN_64_TO_32_BIT_CONVERSION = YES;
				GCC_WARN_ABOUT_RETURN_TYPE = YES_ERROR;
				GCC_WARN_UNDECLARED_SELECTOR = YES;
				GCC_WARN_UNINITIALIZED_AUTOS = YES_AGGRESSIVE;
				GCC_WARN_UNUSED_FUNCTION = YES;
				GCC_WARN_UNUSED_VARIABLE = YES;
				IPHONEOS_DEPLOYMENT_TARGET = 17.5;
				LOCALIZATION_PREFERS_STRING_CATALOGS = YES;
				MTL_ENABLE_DEBUG_INFO = NO;
				MTL_FAST_MATH = YES;
				SDKROOT = iphoneos;
				SWIFT_COMPILATION_MODE = wholemodule;
				VALIDATE_PRODUCT = YES;
			};
			name = Release;
		};
		CCA5F8862C3BF6CC0030A680 /* Debug */ = {
			isa = XCBuildConfiguration;
			buildSettings = {
				ASSETCATALOG_COMPILER_APPICON_NAME = AppIcon;
				ASSETCATALOG_COMPILER_GLOBAL_ACCENT_COLOR_NAME = AccentColor;
				CODE_SIGN_STYLE = Automatic;
				CURRENT_PROJECT_VERSION = 1;
				DEVELOPMENT_ASSET_PATHS = "\"Trivia/Preview Content\"";
				DEVELOPMENT_TEAM = YS49M7Y874;
				ENABLE_PREVIEWS = YES;
				GENERATE_INFOPLIST_FILE = YES;
				INFOPLIST_KEY_UIApplicationSceneManifest_Generation = YES;
				INFOPLIST_KEY_UIApplicationSupportsIndirectInputEvents = YES;
				INFOPLIST_KEY_UILaunchScreen_Generation = YES;
				INFOPLIST_KEY_UILaunchStoryboardName = "Launch Screen.storyboard";
				INFOPLIST_KEY_UISupportedInterfaceOrientations = UIInterfaceOrientationPortrait;
				INFOPLIST_KEY_UISupportedInterfaceOrientations_iPad = "UIInterfaceOrientationLandscapeLeft UIInterfaceOrientationLandscapeRight UIInterfaceOrientationPortrait UIInterfaceOrientationPortraitUpsideDown";
				LD_RUNPATH_SEARCH_PATHS = (
					"$(inherited)",
					"@executable_path/Frameworks",
				);
				MARKETING_VERSION = 1.0;
				PRODUCT_BUNDLE_IDENTIFIER = com.myorganization.Trivia;
				PRODUCT_NAME = "$(TARGET_NAME)";
				SWIFT_EMIT_LOC_STRINGS = YES;
				SWIFT_VERSION = 5.0;
				TARGETED_DEVICE_FAMILY = "1,2";
			};
			name = Debug;
		};
		CCA5F8872C3BF6CC0030A680 /* Release */ = {
			isa = XCBuildConfiguration;
			buildSettings = {
				ASSETCATALOG_COMPILER_APPICON_NAME = AppIcon;
				ASSETCATALOG_COMPILER_GLOBAL_ACCENT_COLOR_NAME = AccentColor;
				CODE_SIGN_STYLE = Automatic;
				CURRENT_PROJECT_VERSION = 1;
				DEVELOPMENT_ASSET_PATHS = "\"Trivia/Preview Content\"";
				DEVELOPMENT_TEAM = YS49M7Y874;
				ENABLE_PREVIEWS = YES;
				GENERATE_INFOPLIST_FILE = YES;
				INFOPLIST_KEY_UIApplicationSceneManifest_Generation = YES;
				INFOPLIST_KEY_UIApplicationSupportsIndirectInputEvents = YES;
				INFOPLIST_KEY_UILaunchScreen_Generation = YES;
				INFOPLIST_KEY_UILaunchStoryboardName = "Launch Screen.storyboard";
				INFOPLIST_KEY_UISupportedInterfaceOrientations = UIInterfaceOrientationPortrait;
				INFOPLIST_KEY_UISupportedInterfaceOrientations_iPad = "UIInterfaceOrientationLandscapeLeft UIInterfaceOrientationLandscapeRight UIInterfaceOrientationPortrait UIInterfaceOrientationPortraitUpsideDown";
				LD_RUNPATH_SEARCH_PATHS = (
					"$(inherited)",
					"@executable_path/Frameworks",
				);
				MARKETING_VERSION = 1.0;
				PRODUCT_BUNDLE_IDENTIFIER = com.myorganization.Trivia;
				PRODUCT_NAME = "$(TARGET_NAME)";
				SWIFT_EMIT_LOC_STRINGS = YES;
				SWIFT_VERSION = 5.0;
				TARGETED_DEVICE_FAMILY = "1,2";
			};
			name = Release;
		};
/* End XCBuildConfiguration section */

/* Begin XCConfigurationList section */
		CCA5F8722C3BF6CA0030A680 /* Build configuration list for PBXProject "Trivia" */ = {
			isa = XCConfigurationList;
			buildConfigurations = (
				CCA5F8832C3BF6CC0030A680 /* Debug */,
				CCA5F8842C3BF6CC0030A680 /* Release */,
			);
			defaultConfigurationIsVisible = 0;
			defaultConfigurationName = Release;
		};
		CCA5F8852C3BF6CC0030A680 /* Build configuration list for PBXNativeTarget "Trivia" */ = {
			isa = XCConfigurationList;
			buildConfigurations = (
				CCA5F8862C3BF6CC0030A680 /* Debug */,
				CCA5F8872C3BF6CC0030A680 /* Release */,
			);
			defaultConfigurationIsVisible = 0;
			defaultConfigurationName = Release;
		};
/* End XCConfigurationList section */
	};
	rootObject = CCA5F86F2C3BF6CA0030A680 /* Project object */;
}
